// !$*UTF8*$!
{
	archiveVersion = 1;
	classes = {
	};
	objectVersion = 56;
	objects = {

/* Begin PBXBuildFile section */
		2B6EE1D82AFCF526000C3EF7 /* AxonML.h in Headers */ = {isa = PBXBuildFile; fileRef = 2B6EE1D72AFCF526000C3EF7 /* AxonML.h */; settings = {ATTRIBUTES = (Public, ); }; };
		2B6EE1DF2AFCF930000C3EF7 /* AxonMLManager.swift in Sources */ = {isa = PBXBuildFile; fileRef = 2B6EE1DE2AFCF930000C3EF7 /* AxonMLManager.swift */; };
		2B6EE1E12AFCF964000C3EF7 /* AxonMLProtocol.swift in Sources */ = {isa = PBXBuildFile; fileRef = 2B6EE1E02AFCF964000C3EF7 /* AxonMLProtocol.swift */; };
		2B6EE1E32AFCF971000C3EF7 /* DynamicDetectionManagerProtocol.swift in Sources */ = {isa = PBXBuildFile; fileRef = 2B6EE1E22AFCF971000C3EF7 /* DynamicDetectionManagerProtocol.swift */; };
		2B6EE1E52AFCF97A000C3EF7 /* StaticDetectionManagerProtocol.swift in Sources */ = {isa = PBXBuildFile; fileRef = 2B6EE1E42AFCF97A000C3EF7 /* StaticDetectionManagerProtocol.swift */; };
		2B6EE1E82AFCF994000C3EF7 /* DynamicDetectionManager.swift in Sources */ = {isa = PBXBuildFile; fileRef = 2B6EE1E72AFCF994000C3EF7 /* DynamicDetectionManager.swift */; };
		2B6EE1EA2AFCF9B0000C3EF7 /* StaticDetectionManager.swift in Sources */ = {isa = PBXBuildFile; fileRef = 2B6EE1E92AFCF9B0000C3EF7 /* StaticDetectionManager.swift */; };
		2B6EE1EC2AFCF9BC000C3EF7 /* UIUtilities.swift in Sources */ = {isa = PBXBuildFile; fileRef = 2B6EE1EB2AFCF9BC000C3EF7 /* UIUtilities.swift */; };
		2B6EE1EF2AFCF9DD000C3EF7 /* DetectorState.swift in Sources */ = {isa = PBXBuildFile; fileRef = 2B6EE1EE2AFCF9DD000C3EF7 /* DetectorState.swift */; };
		2B6EE1F12AFCF9E6000C3EF7 /* DetectorType.swift in Sources */ = {isa = PBXBuildFile; fileRef = 2B6EE1F02AFCF9E6000C3EF7 /* DetectorType.swift */; };
		2B6EE1F42AFCFA00000C3EF7 /* UIImage+Scaled.swift in Sources */ = {isa = PBXBuildFile; fileRef = 2B6EE1F32AFCFA00000C3EF7 /* UIImage+Scaled.swift */; };
/* End PBXBuildFile section */

/* Begin PBXFileReference section */
		2B6EE1D42AFCF526000C3EF7 /* AxonML.framework */ = {isa = PBXFileReference; explicitFileType = wrapper.framework; includeInIndex = 0; path = AxonML.framework; sourceTree = BUILT_PRODUCTS_DIR; };
		2B6EE1D72AFCF526000C3EF7 /* AxonML.h */ = {isa = PBXFileReference; lastKnownFileType = sourcecode.c.h; path = AxonML.h; sourceTree = "<group>"; };
		2B6EE1DE2AFCF930000C3EF7 /* AxonMLManager.swift */ = {isa = PBXFileReference; lastKnownFileType = sourcecode.swift; path = AxonMLManager.swift; sourceTree = "<group>"; };
		2B6EE1E02AFCF964000C3EF7 /* AxonMLProtocol.swift */ = {isa = PBXFileReference; lastKnownFileType = sourcecode.swift; path = AxonMLProtocol.swift; sourceTree = "<group>"; };
		2B6EE1E22AFCF971000C3EF7 /* DynamicDetectionManagerProtocol.swift */ = {isa = PBXFileReference; lastKnownFileType = sourcecode.swift; path = DynamicDetectionManagerProtocol.swift; sourceTree = "<group>"; };
		2B6EE1E42AFCF97A000C3EF7 /* StaticDetectionManagerProtocol.swift */ = {isa = PBXFileReference; lastKnownFileType = sourcecode.swift; path = StaticDetectionManagerProtocol.swift; sourceTree = "<group>"; };
		2B6EE1E72AFCF994000C3EF7 /* DynamicDetectionManager.swift */ = {isa = PBXFileReference; lastKnownFileType = sourcecode.swift; path = DynamicDetectionManager.swift; sourceTree = "<group>"; };
		2B6EE1E92AFCF9B0000C3EF7 /* StaticDetectionManager.swift */ = {isa = PBXFileReference; lastKnownFileType = sourcecode.swift; path = StaticDetectionManager.swift; sourceTree = "<group>"; };
		2B6EE1EB2AFCF9BC000C3EF7 /* UIUtilities.swift */ = {isa = PBXFileReference; lastKnownFileType = sourcecode.swift; path = UIUtilities.swift; sourceTree = "<group>"; };
		2B6EE1EE2AFCF9DD000C3EF7 /* DetectorState.swift */ = {isa = PBXFileReference; lastKnownFileType = sourcecode.swift; path = DetectorState.swift; sourceTree = "<group>"; };
		2B6EE1F02AFCF9E6000C3EF7 /* DetectorType.swift */ = {isa = PBXFileReference; lastKnownFileType = sourcecode.swift; path = DetectorType.swift; sourceTree = "<group>"; };
		2B6EE1F32AFCFA00000C3EF7 /* UIImage+Scaled.swift */ = {isa = PBXFileReference; lastKnownFileType = sourcecode.swift; path = "UIImage+Scaled.swift"; sourceTree = "<group>"; };
/* End PBXFileReference section */

/* Begin PBXFrameworksBuildPhase section */
		2B6EE1D12AFCF526000C3EF7 /* Frameworks */ = {
			isa = PBXFrameworksBuildPhase;
			buildActionMask = 2147483647;
			files = (
			);
			runOnlyForDeploymentPostprocessing = 0;
		};
/* End PBXFrameworksBuildPhase section */

/* Begin PBXGroup section */
		2B6EE1CA2AFCF526000C3EF7 = {
			isa = PBXGroup;
			children = (
				2B6EE1D62AFCF526000C3EF7 /* AxonML */,
				2B6EE1D52AFCF526000C3EF7 /* Products */,
				D55DBF84178BD4611927319A /* Pods */,
			);
			sourceTree = "<group>";
		};
		2B6EE1D52AFCF526000C3EF7 /* Products */ = {
			isa = PBXGroup;
			children = (
				2B6EE1D42AFCF526000C3EF7 /* AxonML.framework */,
			);
			name = Products;
			sourceTree = "<group>";
		};
		2B6EE1D62AFCF526000C3EF7 /* AxonML */ = {
			isa = PBXGroup;
			children = (
				2B6EE1D72AFCF526000C3EF7 /* AxonML.h */,
				2B6EE1DE2AFCF930000C3EF7 /* AxonMLManager.swift */,
				2B6EE1E62AFCF97E000C3EF7 /* Protocols */,
				2B6EE1ED2AFCF9C5000C3EF7 /* Servises */,
				2B6EE1F22AFCF9EA000C3EF7 /* Models */,
				2B6EE1F52AFCFA06000C3EF7 /* Extensions */,
			);
			path = AxonML;
			sourceTree = "<group>";
		};
		2B6EE1E62AFCF97E000C3EF7 /* Protocols */ = {
			isa = PBXGroup;
			children = (
				2B6EE1E02AFCF964000C3EF7 /* AxonMLProtocol.swift */,
				2B6EE1E22AFCF971000C3EF7 /* DynamicDetectionManagerProtocol.swift */,
				2B6EE1E42AFCF97A000C3EF7 /* StaticDetectionManagerProtocol.swift */,
			);
			path = Protocols;
			sourceTree = "<group>";
		};
		2B6EE1ED2AFCF9C5000C3EF7 /* Servises */ = {
			isa = PBXGroup;
			children = (
				2B6EE1E72AFCF994000C3EF7 /* DynamicDetectionManager.swift */,
				2B6EE1E92AFCF9B0000C3EF7 /* StaticDetectionManager.swift */,
				2B6EE1EB2AFCF9BC000C3EF7 /* UIUtilities.swift */,
			);
			path = Servises;
			sourceTree = "<group>";
		};
		2B6EE1F22AFCF9EA000C3EF7 /* Models */ = {
			isa = PBXGroup;
			children = (
				2B6EE1EE2AFCF9DD000C3EF7 /* DetectorState.swift */,
				2B6EE1F02AFCF9E6000C3EF7 /* DetectorType.swift */,
			);
			path = Models;
			sourceTree = "<group>";
		};
		2B6EE1F52AFCFA06000C3EF7 /* Extensions */ = {
			isa = PBXGroup;
			children = (
				2B6EE1F32AFCFA00000C3EF7 /* UIImage+Scaled.swift */,
			);
			path = Extensions;
			sourceTree = "<group>";
		};
		D55DBF84178BD4611927319A /* Pods */ = {
			isa = PBXGroup;
			children = (
			);
			path = Pods;
			sourceTree = "<group>";
		};
/* End PBXGroup section */

/* Begin PBXHeadersBuildPhase section */
		2B6EE1CF2AFCF526000C3EF7 /* Headers */ = {
			isa = PBXHeadersBuildPhase;
			buildActionMask = 2147483647;
			files = (
				2B6EE1D82AFCF526000C3EF7 /* AxonML.h in Headers */,
			);
			runOnlyForDeploymentPostprocessing = 0;
		};
/* End PBXHeadersBuildPhase section */

/* Begin PBXNativeTarget section */
		2B6EE1D32AFCF526000C3EF7 /* AxonML */ = {
			isa = PBXNativeTarget;
			buildConfigurationList = 2B6EE1DB2AFCF526000C3EF7 /* Build configuration list for PBXNativeTarget "AxonML" */;
			buildPhases = (
				2B6EE1CF2AFCF526000C3EF7 /* Headers */,
				2B6EE1D02AFCF526000C3EF7 /* Sources */,
				2B6EE1D12AFCF526000C3EF7 /* Frameworks */,
				2B6EE1D22AFCF526000C3EF7 /* Resources */,
			);
			buildRules = (
			);
			dependencies = (
			);
			name = AxonML;
			productName = AxonML;
			productReference = 2B6EE1D42AFCF526000C3EF7 /* AxonML.framework */;
			productType = "com.apple.product-type.framework";
		};
/* End PBXNativeTarget section */

/* Begin PBXProject section */
		2B6EE1CB2AFCF526000C3EF7 /* Project object */ = {
			isa = PBXProject;
			attributes = {
				BuildIndependentTargetsInParallel = 1;
				LastUpgradeCheck = 1500;
				TargetAttributes = {
					2B6EE1D32AFCF526000C3EF7 = {
						CreatedOnToolsVersion = 15.0.1;
						LastSwiftMigration = 1500;
					};
				};
			};
			buildConfigurationList = 2B6EE1CE2AFCF526000C3EF7 /* Build configuration list for PBXProject "AxonML" */;
			compatibilityVersion = "Xcode 14.0";
			developmentRegion = en;
			hasScannedForEncodings = 0;
			knownRegions = (
				en,
				Base,
			);
			mainGroup = 2B6EE1CA2AFCF526000C3EF7;
			productRefGroup = 2B6EE1D52AFCF526000C3EF7 /* Products */;
			projectDirPath = "";
			projectRoot = "";
			targets = (
				2B6EE1D32AFCF526000C3EF7 /* AxonML */,
			);
		};
/* End PBXProject section */

/* Begin PBXResourcesBuildPhase section */
		2B6EE1D22AFCF526000C3EF7 /* Resources */ = {
			isa = PBXResourcesBuildPhase;
			buildActionMask = 2147483647;
			files = (
			);
			runOnlyForDeploymentPostprocessing = 0;
		};
/* End PBXResourcesBuildPhase section */

/* Begin PBXSourcesBuildPhase section */
		2B6EE1D02AFCF526000C3EF7 /* Sources */ = {
			isa = PBXSourcesBuildPhase;
			buildActionMask = 2147483647;
			files = (
				2B6EE1E12AFCF964000C3EF7 /* AxonMLProtocol.swift in Sources */,
				2B6EE1EF2AFCF9DD000C3EF7 /* DetectorState.swift in Sources */,
				2B6EE1DF2AFCF930000C3EF7 /* AxonMLManager.swift in Sources */,
				2B6EE1F42AFCFA00000C3EF7 /* UIImage+Scaled.swift in Sources */,
				2B6EE1E32AFCF971000C3EF7 /* DynamicDetectionManagerProtocol.swift in Sources */,
				2B6EE1F12AFCF9E6000C3EF7 /* DetectorType.swift in Sources */,
				2B6EE1E52AFCF97A000C3EF7 /* StaticDetectionManagerProtocol.swift in Sources */,
				2B6EE1E82AFCF994000C3EF7 /* DynamicDetectionManager.swift in Sources */,
				2B6EE1EC2AFCF9BC000C3EF7 /* UIUtilities.swift in Sources */,
				2B6EE1EA2AFCF9B0000C3EF7 /* StaticDetectionManager.swift in Sources */,
			);
			runOnlyForDeploymentPostprocessing = 0;
		};
/* End PBXSourcesBuildPhase section */

/* Begin XCBuildConfiguration section */
		2B6EE1D92AFCF526000C3EF7 /* Debug */ = {
			isa = XCBuildConfiguration;
			buildSettings = {
				ALWAYS_SEARCH_USER_PATHS = NO;
				ASSETCATALOG_COMPILER_GENERATE_SWIFT_ASSET_SYMBOL_EXTENSIONS = YES;
				BUILD_LIBRARY_FOR_DISTRIBUTION = YES;
				CLANG_ANALYZER_NONNULL = YES;
				CLANG_ANALYZER_NUMBER_OBJECT_CONVERSION = YES_AGGRESSIVE;
				CLANG_CXX_LANGUAGE_STANDARD = "gnu++20";
				CLANG_ENABLE_MODULES = YES;
				CLANG_ENABLE_OBJC_ARC = YES;
				CLANG_ENABLE_OBJC_WEAK = YES;
				CLANG_WARN_BLOCK_CAPTURE_AUTORELEASING = YES;
				CLANG_WARN_BOOL_CONVERSION = YES;
				CLANG_WARN_COMMA = YES;
				CLANG_WARN_CONSTANT_CONVERSION = YES;
				CLANG_WARN_DEPRECATED_OBJC_IMPLEMENTATIONS = YES;
				CLANG_WARN_DIRECT_OBJC_ISA_USAGE = YES_ERROR;
				CLANG_WARN_DOCUMENTATION_COMMENTS = YES;
				CLANG_WARN_EMPTY_BODY = YES;
				CLANG_WARN_ENUM_CONVERSION = YES;
				CLANG_WARN_INFINITE_RECURSION = YES;
				CLANG_WARN_INT_CONVERSION = YES;
				CLANG_WARN_NON_LITERAL_NULL_CONVERSION = YES;
				CLANG_WARN_OBJC_IMPLICIT_RETAIN_SELF = YES;
				CLANG_WARN_OBJC_LITERAL_CONVERSION = YES;
				CLANG_WARN_OBJC_ROOT_CLASS = YES_ERROR;
				CLANG_WARN_QUOTED_INCLUDE_IN_FRAMEWORK_HEADER = YES;
				CLANG_WARN_RANGE_LOOP_ANALYSIS = YES;
				CLANG_WARN_STRICT_PROTOTYPES = YES;
				CLANG_WARN_SUSPICIOUS_MOVE = YES;
				CLANG_WARN_UNGUARDED_AVAILABILITY = YES_AGGRESSIVE;
				CLANG_WARN_UNREACHABLE_CODE = YES;
				CLANG_WARN__DUPLICATE_METHOD_MATCH = YES;
				COPY_PHASE_STRIP = NO;
				CURRENT_PROJECT_VERSION = 1;
				DEBUG_INFORMATION_FORMAT = dwarf;
				ENABLE_STRICT_OBJC_MSGSEND = YES;
				ENABLE_TESTABILITY = YES;
				ENABLE_USER_SCRIPT_SANDBOXING = YES;
				GCC_C_LANGUAGE_STANDARD = gnu17;
				GCC_DYNAMIC_NO_PIC = NO;
				GCC_NO_COMMON_BLOCKS = YES;
				GCC_OPTIMIZATION_LEVEL = 0;
				GCC_PREPROCESSOR_DEFINITIONS = (
					"DEBUG=1",
					"$(inherited)",
				);
				GCC_WARN_64_TO_32_BIT_CONVERSION = YES;
				GCC_WARN_ABOUT_RETURN_TYPE = YES_ERROR;
				GCC_WARN_UNDECLARED_SELECTOR = YES;
				GCC_WARN_UNINITIALIZED_AUTOS = YES_AGGRESSIVE;
				GCC_WARN_UNUSED_FUNCTION = YES;
				GCC_WARN_UNUSED_VARIABLE = YES;
				IPHONEOS_DEPLOYMENT_TARGET = 15.0;
				LOCALIZATION_PREFERS_STRING_CATALOGS = YES;
				MTL_ENABLE_DEBUG_INFO = INCLUDE_SOURCE;
				MTL_FAST_MATH = YES;
				ONLY_ACTIVE_ARCH = YES;
				SDKROOT = iphoneos;
				SWIFT_ACTIVE_COMPILATION_CONDITIONS = "DEBUG $(inherited)";
				SWIFT_OPTIMIZATION_LEVEL = "-Onone";
				VERSIONING_SYSTEM = "apple-generic";
				VERSION_INFO_PREFIX = "";
			};
			name = Debug;
		};
		2B6EE1DA2AFCF526000C3EF7 /* Release */ = {
			isa = XCBuildConfiguration;
			buildSettings = {
				ALWAYS_SEARCH_USER_PATHS = NO;
				ASSETCATALOG_COMPILER_GENERATE_SWIFT_ASSET_SYMBOL_EXTENSIONS = YES;
				BUILD_LIBRARY_FOR_DISTRIBUTION = YES;
				CLANG_ANALYZER_NONNULL = YES;
				CLANG_ANALYZER_NUMBER_OBJECT_CONVERSION = YES_AGGRESSIVE;
				CLANG_CXX_LANGUAGE_STANDARD = "gnu++20";
				CLANG_ENABLE_MODULES = YES;
				CLANG_ENABLE_OBJC_ARC = YES;
				CLANG_ENABLE_OBJC_WEAK = YES;
				CLANG_WARN_BLOCK_CAPTURE_AUTORELEASING = YES;
				CLANG_WARN_BOOL_CONVERSION = YES;
				CLANG_WARN_COMMA = YES;
				CLANG_WARN_CONSTANT_CONVERSION = YES;
				CLANG_WARN_DEPRECATED_OBJC_IMPLEMENTATIONS = YES;
				CLANG_WARN_DIRECT_OBJC_ISA_USAGE = YES_ERROR;
				CLANG_WARN_DOCUMENTATION_COMMENTS = YES;
				CLANG_WARN_EMPTY_BODY = YES;
				CLANG_WARN_ENUM_CONVERSION = YES;
				CLANG_WARN_INFINITE_RECURSION = YES;
				CLANG_WARN_INT_CONVERSION = YES;
				CLANG_WARN_NON_LITERAL_NULL_CONVERSION = YES;
				CLANG_WARN_OBJC_IMPLICIT_RETAIN_SELF = YES;
				CLANG_WARN_OBJC_LITERAL_CONVERSION = YES;
				CLANG_WARN_OBJC_ROOT_CLASS = YES_ERROR;
				CLANG_WARN_QUOTED_INCLUDE_IN_FRAMEWORK_HEADER = YES;
				CLANG_WARN_RANGE_LOOP_ANALYSIS = YES;
				CLANG_WARN_STRICT_PROTOTYPES = YES;
				CLANG_WARN_SUSPICIOUS_MOVE = YES;
				CLANG_WARN_UNGUARDED_AVAILABILITY = YES_AGGRESSIVE;
				CLANG_WARN_UNREACHABLE_CODE = YES;
				CLANG_WARN__DUPLICATE_METHOD_MATCH = YES;
				COPY_PHASE_STRIP = NO;
				CURRENT_PROJECT_VERSION = 1;
				DEBUG_INFORMATION_FORMAT = "dwarf-with-dsym";
				ENABLE_NS_ASSERTIONS = NO;
				ENABLE_STRICT_OBJC_MSGSEND = YES;
				ENABLE_USER_SCRIPT_SANDBOXING = YES;
				GCC_C_LANGUAGE_STANDARD = gnu17;
				GCC_NO_COMMON_BLOCKS = YES;
				GCC_WARN_64_TO_32_BIT_CONVERSION = YES;
				GCC_WARN_ABOUT_RETURN_TYPE = YES_ERROR;
				GCC_WARN_UNDECLARED_SELECTOR = YES;
				GCC_WARN_UNINITIALIZED_AUTOS = YES_AGGRESSIVE;
				GCC_WARN_UNUSED_FUNCTION = YES;
				GCC_WARN_UNUSED_VARIABLE = YES;
				IPHONEOS_DEPLOYMENT_TARGET = 15.0;
				LOCALIZATION_PREFERS_STRING_CATALOGS = YES;
				MTL_ENABLE_DEBUG_INFO = NO;
				MTL_FAST_MATH = YES;
				SDKROOT = iphoneos;
				SWIFT_COMPILATION_MODE = wholemodule;
				VALIDATE_PRODUCT = YES;
				VERSIONING_SYSTEM = "apple-generic";
				VERSION_INFO_PREFIX = "";
			};
			name = Release;
		};
		2B6EE1DC2AFCF526000C3EF7 /* Debug */ = {
			isa = XCBuildConfiguration;
			buildSettings = {
				CLANG_ENABLE_MODULES = YES;
				CODE_SIGN_STYLE = Automatic;
				CURRENT_PROJECT_VERSION = 1;
				DEFINES_MODULE = YES;
				DEVELOPMENT_TEAM = DU9B24YLDN;
				DYLIB_COMPATIBILITY_VERSION = 1;
				DYLIB_CURRENT_VERSION = 1;
				DYLIB_INSTALL_NAME_BASE = "@rpath";
				ENABLE_MODULE_VERIFIER = YES;
				ENABLE_USER_SCRIPT_SANDBOXING = NO;
				GENERATE_INFOPLIST_FILE = YES;
				INFOPLIST_KEY_NSHumanReadableCopyright = "";
				INSTALL_PATH = "$(LOCAL_LIBRARY_DIR)/Frameworks";
				IPHONEOS_DEPLOYMENT_TARGET = 15.0;
				LD_RUNPATH_SEARCH_PATHS = (
					"$(inherited)",
					"@executable_path/Frameworks",
					"@loader_path/Frameworks",
				);
				MARKETING_VERSION = 1.0;
				MODULE_VERIFIER_SUPPORTED_LANGUAGES = "objective-c objective-c++";
				MODULE_VERIFIER_SUPPORTED_LANGUAGE_STANDARDS = "gnu17 gnu++20";
				PRODUCT_BUNDLE_IDENTIFIER = dev.AxonML;
				PRODUCT_NAME = "$(TARGET_NAME:c99extidentifier)";
				SKIP_INSTALL = NO;
				SWIFT_EMIT_LOC_STRINGS = YES;
				SWIFT_OPTIMIZATION_LEVEL = "-Onone";
				SWIFT_VERSION = 5.0;
				TARGETED_DEVICE_FAMILY = "1,2";
			};
			name = Debug;
		};
		2B6EE1DD2AFCF526000C3EF7 /* Release */ = {
			isa = XCBuildConfiguration;
			buildSettings = {
				CLANG_ENABLE_MODULES = YES;
				CODE_SIGN_STYLE = Automatic;
				CURRENT_PROJECT_VERSION = 1;
				DEFINES_MODULE = YES;
				DEVELOPMENT_TEAM = DU9B24YLDN;
				DYLIB_COMPATIBILITY_VERSION = 1;
				DYLIB_CURRENT_VERSION = 1;
				DYLIB_INSTALL_NAME_BASE = "@rpath";
				ENABLE_MODULE_VERIFIER = YES;
				ENABLE_USER_SCRIPT_SANDBOXING = NO;
				GENERATE_INFOPLIST_FILE = YES;
				INFOPLIST_KEY_NSHumanReadableCopyright = "";
				INSTALL_PATH = "$(LOCAL_LIBRARY_DIR)/Frameworks";
				IPHONEOS_DEPLOYMENT_TARGET = 15.0;
				LD_RUNPATH_SEARCH_PATHS = (
					"$(inherited)",
					"@executable_path/Frameworks",
					"@loader_path/Frameworks",
				);
				MARKETING_VERSION = 1.0;
				MODULE_VERIFIER_SUPPORTED_LANGUAGES = "objective-c objective-c++";
				MODULE_VERIFIER_SUPPORTED_LANGUAGE_STANDARDS = "gnu17 gnu++20";
				PRODUCT_BUNDLE_IDENTIFIER = dev.AxonML;
				PRODUCT_NAME = "$(TARGET_NAME:c99extidentifier)";
				SKIP_INSTALL = NO;
				SWIFT_EMIT_LOC_STRINGS = YES;
				SWIFT_VERSION = 5.0;
				TARGETED_DEVICE_FAMILY = "1,2";
			};
			name = Release;
		};
/* End XCBuildConfiguration section */

/* Begin XCConfigurationList section */
		2B6EE1CE2AFCF526000C3EF7 /* Build configuration list for PBXProject "AxonML" */ = {
			isa = XCConfigurationList;
			buildConfigurations = (
				2B6EE1D92AFCF526000C3EF7 /* Debug */,
				2B6EE1DA2AFCF526000C3EF7 /* Release */,
			);
			defaultConfigurationIsVisible = 0;
			defaultConfigurationName = Release;
		};
		2B6EE1DB2AFCF526000C3EF7 /* Build configuration list for PBXNativeTarget "AxonML" */ = {
			isa = XCConfigurationList;
			buildConfigurations = (
				2B6EE1DC2AFCF526000C3EF7 /* Debug */,
				2B6EE1DD2AFCF526000C3EF7 /* Release */,
			);
			defaultConfigurationIsVisible = 0;
			defaultConfigurationName = Release;
		};
/* End XCConfigurationList section */
	};
	rootObject = 2B6EE1CB2AFCF526000C3EF7 /* Project object */;
}
